
Microsoft Visual Studio Solution File, Format Version 12.00
# Visual Studio 15
VisualStudioVersion = 15.0.26124.0
MinimumVisualStudioVersion = 15.0.26124.0
Project("{FAE04EC0-301F-11D3-BF4B-00C04F79EFBC}") = "Ecommerce.WebAPI", "Ecommerce.WebAPI\Ecommerce.WebAPI.csproj", "{D847AFE4-07CD-44FF-B4DF-BFC44344F7C2}"
EndProject
Project("{FAE04EC0-301F-11D3-BF4B-00C04F79EFBC}") = "Ecommerce.Repositorio", "Ecommerce.Repositorio\Ecommerce.Repositorio.csproj", "{661E81E7-9A2A-466E-A26A-6AAFAA3F4940}"
EndProject
Project("{FAE04EC0-301F-11D3-BF4B-00C04F79EFBC}") = "Ecommerce.Dominio", "Ecommerce.Dominio\Ecommerce.Dominio.csproj", "{8A369EEF-3307-4C7F-9E61-66D7A6491727}"
EndProject
Global
	GlobalSection(SolutionConfigurationPlatforms) = preSolution
		Debug|Any CPU = Debug|Any CPU
		Debug|x64 = Debug|x64
		Debug|x86 = Debug|x86
		Release|Any CPU = Release|Any CPU
		Release|x64 = Release|x64
		Release|x86 = Release|x86
	EndGlobalSection
	GlobalSection(SolutionProperties) = preSolution
		HideSolutionNode = FALSE
	EndGlobalSection
	GlobalSection(ProjectConfigurationPlatforms) = postSolution
		{D847AFE4-07CD-44FF-B4DF-BFC44344F7C2}.Debug|Any CPU.ActiveCfg = Debug|Any CPU
		{D847AFE4-07CD-44FF-B4DF-BFC44344F7C2}.Debug|Any CPU.Build.0 = Debug|Any CPU
		{D847AFE4-07CD-44FF-B4DF-BFC44344F7C2}.Debug|x64.ActiveCfg = Debug|Any CPU
		{D847AFE4-07CD-44FF-B4DF-BFC44344F7C2}.Debug|x64.Build.0 = Debug|Any CPU
		{D847AFE4-07CD-44FF-B4DF-BFC44344F7C2}.Debug|x86.ActiveCfg = Debug|Any CPU
		{D847AFE4-07CD-44FF-B4DF-BFC44344F7C2}.Debug|x86.Build.0 = Debug|Any CPU
		{D847AFE4-07CD-44FF-B4DF-BFC44344F7C2}.Release|Any CPU.ActiveCfg = Release|Any CPU
		{D847AFE4-07CD-44FF-B4DF-BFC44344F7C2}.Release|Any CPU.Build.0 = Release|Any CPU
		{D847AFE4-07CD-44FF-B4DF-BFC44344F7C2}.Release|x64.ActiveCfg = Release|Any CPU
		{D847AFE4-07CD-44FF-B4DF-BFC44344F7C2}.Release|x64.Build.0 = Release|Any CPU
		{D847AFE4-07CD-44FF-B4DF-BFC44344F7C2}.Release|x86.ActiveCfg = Release|Any CPU
		{D847AFE4-07CD-44FF-B4DF-BFC44344F7C2}.Release|x86.Build.0 = Release|Any CPU
		{661E81E7-9A2A-466E-A26A-6AAFAA3F4940}.Debug|Any CPU.ActiveCfg = Debug|Any CPU
		{661E81E7-9A2A-466E-A26A-6AAFAA3F4940}.Debug|Any CPU.Build.0 = Debug|Any CPU
		{661E81E7-9A2A-466E-A26A-6AAFAA3F4940}.Debug|x64.ActiveCfg = Debug|Any CPU
		{661E81E7-9A2A-466E-A26A-6AAFAA3F4940}.Debug|x64.Build.0 = Debug|Any CPU
		{661E81E7-9A2A-466E-A26A-6AAFAA3F4940}.Debug|x86.ActiveCfg = Debug|Any CPU
		{661E81E7-9A2A-466E-A26A-6AAFAA3F4940}.Debug|x86.Build.0 = Debug|Any CPU
		{661E81E7-9A2A-466E-A26A-6AAFAA3F4940}.Release|Any CPU.ActiveCfg = Release|Any CPU
		{661E81E7-9A2A-466E-A26A-6AAFAA3F4940}.Release|Any CPU.Build.0 = Release|Any CPU
		{661E81E7-9A2A-466E-A26A-6AAFAA3F4940}.Release|x64.ActiveCfg = Release|Any CPU
		{661E81E7-9A2A-466E-A26A-6AAFAA3F4940}.Release|x64.Build.0 = Release|Any CPU
		{661E81E7-9A2A-466E-A26A-6AAFAA3F4940}.Release|x86.ActiveCfg = Release|Any CPU
		{661E81E7-9A2A-466E-A26A-6AAFAA3F4940}.Release|x86.Build.0 = Release|Any CPU
		{8A369EEF-3307-4C7F-9E61-66D7A6491727}.Debug|Any CPU.ActiveCfg = Debug|Any CPU
		{8A369EEF-3307-4C7F-9E61-66D7A6491727}.Debug|Any CPU.Build.0 = Debug|Any CPU
		{8A369EEF-3307-4C7F-9E61-66D7A6491727}.Debug|x64.ActiveCfg = Debug|Any CPU
		{8A369EEF-3307-4C7F-9E61-66D7A6491727}.Debug|x64.Build.0 = Debug|Any CPU
		{8A369EEF-3307-4C7F-9E61-66D7A6491727}.Debug|x86.ActiveCfg = Debug|Any CPU
		{8A369EEF-3307-4C7F-9E61-66D7A6491727}.Debug|x86.Build.0 = Debug|Any CPU
		{8A369EEF-3307-4C7F-9E61-66D7A6491727}.Release|Any CPU.ActiveCfg = Release|Any CPU
		{8A369EEF-3307-4C7F-9E61-66D7A6491727}.Release|Any CPU.Build.0 = Release|Any CPU
		{8A369EEF-3307-4C7F-9E61-66D7A6491727}.Release|x64.ActiveCfg = Release|Any CPU
		{8A369EEF-3307-4C7F-9E61-66D7A6491727}.Release|x64.Build.0 = Release|Any CPU
		{8A369EEF-3307-4C7F-9E61-66D7A6491727}.Release|x86.ActiveCfg = Release|Any CPU
		{8A369EEF-3307-4C7F-9E61-66D7A6491727}.Release|x86.Build.0 = Release|Any CPU
	EndGlobalSection
EndGlobal
